// !$*UTF8*$!
{
	archiveVersion = 1;
	classes = {
	};
	objectVersion = 46;
	objects = {

/* Begin PBXAggregateTarget section */
		065668911517CE5600DA53AA /* MUKNetworkingDocumentation */ = {
			isa = PBXAggregateTarget;
			buildConfigurationList = 065668921517CE5600DA53AA /* Build configuration list for PBXAggregateTarget "MUKNetworkingDocumentation" */;
			buildPhases = (
				065668951517CE9200DA53AA /* ShellScript */,
			);
			dependencies = (
			);
			name = MUKNetworkingDocumentation;
			productName = Documentation;
		};
/* End PBXAggregateTarget section */

/* Begin PBXBuildFile section */
		06004937154B1385004A3B17 /* MUKURLConnectionQueue.h in Headers */ = {isa = PBXBuildFile; fileRef = 06004935154B1385004A3B17 /* MUKURLConnectionQueue.h */; settings = {ATTRIBUTES = (Public, ); }; };
		06004938154B1385004A3B17 /* MUKURLConnectionQueue.m in Sources */ = {isa = PBXBuildFile; fileRef = 06004936154B1385004A3B17 /* MUKURLConnectionQueue.m */; };
		0600493D154B1408004A3B17 /* MUKURLConnectionOperation_.h in Headers */ = {isa = PBXBuildFile; fileRef = 0600493B154B1408004A3B17 /* MUKURLConnectionOperation_.h */; };
		0600493E154B1408004A3B17 /* MUKURLConnectionOperation_.m in Sources */ = {isa = PBXBuildFile; fileRef = 0600493C154B1408004A3B17 /* MUKURLConnectionOperation_.m */; };
		06004940154B1549004A3B17 /* MUKURLConnection_Queue.h in Headers */ = {isa = PBXBuildFile; fileRef = 0600493F154B1549004A3B17 /* MUKURLConnection_Queue.h */; };
		06004944154B22F3004A3B17 /* MUKURLConnectionQueueTests.m in Sources */ = {isa = PBXBuildFile; fileRef = 06004943154B22F3004A3B17 /* MUKURLConnectionQueueTests.m */; };
		0616E5D81521AF7E00014231 /* MUKURLConnection.h in Headers */ = {isa = PBXBuildFile; fileRef = 0616E5D21521AF7E00014231 /* MUKURLConnection.h */; settings = {ATTRIBUTES = (Public, ); }; };
		0616E5D91521AF7E00014231 /* MUKURLConnection.m in Sources */ = {isa = PBXBuildFile; fileRef = 0616E5D31521AF7E00014231 /* MUKURLConnection.m */; };
		0616E5DA1521AF7E00014231 /* MUKNetworking-Prefix.pch in Headers */ = {isa = PBXBuildFile; fileRef = 0616E5D41521AF7E00014231 /* MUKNetworking-Prefix.pch */; };
		0616E5DB1521AF7E00014231 /* MUKNetworking.h in Headers */ = {isa = PBXBuildFile; fileRef = 0616E5D51521AF7E00014231 /* MUKNetworking.h */; settings = {ATTRIBUTES = (Public, ); }; };
		0616E5EC1521AF8900014231 /* MUKNetworkingBaseTests.m in Sources */ = {isa = PBXBuildFile; fileRef = 0616E5DF1521AF8900014231 /* MUKNetworkingBaseTests.m */; };
		0616E5EE1521AF8900014231 /* InfoPlist.strings in Resources */ = {isa = PBXBuildFile; fileRef = 0616E5E31521AF8900014231 /* InfoPlist.strings */; };
		0616E5F01521AF8900014231 /* MUKTestURLProtocol.m in Sources */ = {isa = PBXBuildFile; fileRef = 0616E5E81521AF8900014231 /* MUKTestURLProtocol.m */; };
		0616E5F11521AF8900014231 /* MUKURLConnectionTests.m in Sources */ = {isa = PBXBuildFile; fileRef = 0616E5EB1521AF8900014231 /* MUKURLConnectionTests.m */; };
		061774F31550356F009154BC /* MUKURLConnectionQueue_Background.h in Headers */ = {isa = PBXBuildFile; fileRef = 061774F21550356F009154BC /* MUKURLConnectionQueue_Background.h */; };
		065668421517A85A00DA53AA /* Foundation.framework in Frameworks */ = {isa = PBXBuildFile; fileRef = 065668411517A85A00DA53AA /* Foundation.framework */; };
		065668521517A85B00DA53AA /* UIKit.framework in Frameworks */ = {isa = PBXBuildFile; fileRef = 065668511517A85B00DA53AA /* UIKit.framework */; };
		065668531517A85B00DA53AA /* Foundation.framework in Frameworks */ = {isa = PBXBuildFile; fileRef = 065668411517A85A00DA53AA /* Foundation.framework */; };
		065668561517A85B00DA53AA /* libMUKNetworking.a in Frameworks */ = {isa = PBXBuildFile; fileRef = 0656683E1517A85A00DA53AA /* libMUKNetworking.a */; };
		0656688F1517CA2A00DA53AA /* SenTestingKit.framework in Frameworks */ = {isa = PBXBuildFile; fileRef = 0656684F1517A85A00DA53AA /* SenTestingKit.framework */; };
		066F8533154FCEE400704724 /* MUKURLConnection_Background.h in Headers */ = {isa = PBXBuildFile; fileRef = 066F8532154FCEE400704724 /* MUKURLConnection_Background.h */; };
		066F8535154FCFC300704724 /* UIKit.framework in Frameworks */ = {isa = PBXBuildFile; fileRef = 066F8534154FCFC300704724 /* UIKit.framework */; };
/* End PBXBuildFile section */

/* Begin PBXContainerItemProxy section */
		065668541517A85B00DA53AA /* PBXContainerItemProxy */ = {
			isa = PBXContainerItemProxy;
			containerPortal = 065668351517A85A00DA53AA /* Project object */;
			proxyType = 1;
			remoteGlobalIDString = 0656683D1517A85A00DA53AA;
			remoteInfo = MUKDownload;
		};
/* End PBXContainerItemProxy section */

/* Begin PBXFileReference section */
		06004935154B1385004A3B17 /* MUKURLConnectionQueue.h */ = {isa = PBXFileReference; fileEncoding = 4; lastKnownFileType = sourcecode.c.h; path = MUKURLConnectionQueue.h; sourceTree = "<group>"; };
		06004936154B1385004A3B17 /* MUKURLConnectionQueue.m */ = {isa = PBXFileReference; fileEncoding = 4; lastKnownFileType = sourcecode.c.objc; path = MUKURLConnectionQueue.m; sourceTree = "<group>"; };
		0600493B154B1408004A3B17 /* MUKURLConnectionOperation_.h */ = {isa = PBXFileReference; fileEncoding = 4; lastKnownFileType = sourcecode.c.h; path = MUKURLConnectionOperation_.h; sourceTree = "<group>"; };
		0600493C154B1408004A3B17 /* MUKURLConnectionOperation_.m */ = {isa = PBXFileReference; fileEncoding = 4; lastKnownFileType = sourcecode.c.objc; path = MUKURLConnectionOperation_.m; sourceTree = "<group>"; };
		0600493F154B1549004A3B17 /* MUKURLConnection_Queue.h */ = {isa = PBXFileReference; fileEncoding = 4; lastKnownFileType = sourcecode.c.h; path = MUKURLConnection_Queue.h; sourceTree = "<group>"; };
		06004942154B22F3004A3B17 /* MUKURLConnectionQueueTests.h */ = {isa = PBXFileReference; fileEncoding = 4; lastKnownFileType = sourcecode.c.h; path = MUKURLConnectionQueueTests.h; sourceTree = "<group>"; };
		06004943154B22F3004A3B17 /* MUKURLConnectionQueueTests.m */ = {isa = PBXFileReference; fileEncoding = 4; lastKnownFileType = sourcecode.c.objc; path = MUKURLConnectionQueueTests.m; sourceTree = "<group>"; };
		0616E5D21521AF7E00014231 /* MUKURLConnection.h */ = {isa = PBXFileReference; fileEncoding = 4; lastKnownFileType = sourcecode.c.h; path = MUKURLConnection.h; sourceTree = "<group>"; };
		0616E5D31521AF7E00014231 /* MUKURLConnection.m */ = {isa = PBXFileReference; fileEncoding = 4; lastKnownFileType = sourcecode.c.objc; path = MUKURLConnection.m; sourceTree = "<group>"; };
		0616E5D41521AF7E00014231 /* MUKNetworking-Prefix.pch */ = {isa = PBXFileReference; fileEncoding = 4; lastKnownFileType = sourcecode.c.h; name = "MUKNetworking-Prefix.pch"; path = "MUKNetworking/MUKNetworking-Prefix.pch"; sourceTree = "<group>"; };
		0616E5D51521AF7E00014231 /* MUKNetworking.h */ = {isa = PBXFileReference; fileEncoding = 4; lastKnownFileType = sourcecode.c.h; name = MUKNetworking.h; path = MUKNetworking/MUKNetworking.h; sourceTree = "<group>"; };
		0616E5DE1521AF8900014231 /* MUKNetworkingBaseTests.h */ = {isa = PBXFileReference; fileEncoding = 4; lastKnownFileType = sourcecode.c.h; path = MUKNetworkingBaseTests.h; sourceTree = "<group>"; };
		0616E5DF1521AF8900014231 /* MUKNetworkingBaseTests.m */ = {isa = PBXFileReference; fileEncoding = 4; lastKnownFileType = sourcecode.c.objc; path = MUKNetworkingBaseTests.m; sourceTree = "<group>"; };
		0616E5E41521AF8900014231 /* en */ = {isa = PBXFileReference; lastKnownFileType = text.plist.strings; name = en; path = en.lproj/InfoPlist.strings; sourceTree = "<group>"; };
		0616E5E51521AF8900014231 /* MUKNetworkingTests-Info.plist */ = {isa = PBXFileReference; fileEncoding = 4; lastKnownFileType = text.plist.xml; path = "MUKNetworkingTests-Info.plist"; sourceTree = "<group>"; };
		0616E5E71521AF8900014231 /* MUKTestURLProtocol.h */ = {isa = PBXFileReference; fileEncoding = 4; lastKnownFileType = sourcecode.c.h; path = MUKTestURLProtocol.h; sourceTree = "<group>"; };
		0616E5E81521AF8900014231 /* MUKTestURLProtocol.m */ = {isa = PBXFileReference; fileEncoding = 4; lastKnownFileType = sourcecode.c.objc; path = MUKTestURLProtocol.m; sourceTree = "<group>"; };
		0616E5EA1521AF8900014231 /* MUKURLConnectionTests.h */ = {isa = PBXFileReference; fileEncoding = 4; lastKnownFileType = sourcecode.c.h; path = MUKURLConnectionTests.h; sourceTree = "<group>"; };
		0616E5EB1521AF8900014231 /* MUKURLConnectionTests.m */ = {isa = PBXFileReference; fileEncoding = 4; lastKnownFileType = sourcecode.c.objc; path = MUKURLConnectionTests.m; sourceTree = "<group>"; };
		061774F21550356F009154BC /* MUKURLConnectionQueue_Background.h */ = {isa = PBXFileReference; fileEncoding = 4; lastKnownFileType = sourcecode.c.h; path = MUKURLConnectionQueue_Background.h; sourceTree = "<group>"; };
		0656683E1517A85A00DA53AA /* libMUKNetworking.a */ = {isa = PBXFileReference; explicitFileType = archive.ar; includeInIndex = 0; path = libMUKNetworking.a; sourceTree = BUILT_PRODUCTS_DIR; };
		065668411517A85A00DA53AA /* Foundation.framework */ = {isa = PBXFileReference; lastKnownFileType = wrapper.framework; name = Foundation.framework; path = System/Library/Frameworks/Foundation.framework; sourceTree = SDKROOT; };
		0656684E1517A85A00DA53AA /* MUKNetworkingTests.octest */ = {isa = PBXFileReference; explicitFileType = wrapper.cfbundle; includeInIndex = 0; path = MUKNetworkingTests.octest; sourceTree = BUILT_PRODUCTS_DIR; };
		0656684F1517A85A00DA53AA /* SenTestingKit.framework */ = {isa = PBXFileReference; lastKnownFileType = wrapper.framework; name = SenTestingKit.framework; path = Library/Frameworks/SenTestingKit.framework; sourceTree = DEVELOPER_DIR; };
		065668511517A85B00DA53AA /* UIKit.framework */ = {isa = PBXFileReference; lastKnownFileType = wrapper.framework; name = UIKit.framework; path = Library/Frameworks/UIKit.framework; sourceTree = DEVELOPER_DIR; };
		066F8532154FCEE400704724 /* MUKURLConnection_Background.h */ = {isa = PBXFileReference; fileEncoding = 4; lastKnownFileType = sourcecode.c.h; path = MUKURLConnection_Background.h; sourceTree = "<group>"; };
		066F8534154FCFC300704724 /* UIKit.framework */ = {isa = PBXFileReference; lastKnownFileType = wrapper.framework; name = UIKit.framework; path = System/Library/Frameworks/UIKit.framework; sourceTree = SDKROOT; };
		0685099F1518EE4C00D450CA /* LICENSE */ = {isa = PBXFileReference; lastKnownFileType = text; path = LICENSE; sourceTree = "<group>"; };
/* End PBXFileReference section */

/* Begin PBXFrameworksBuildPhase section */
		0656683B1517A85A00DA53AA /* Frameworks */ = {
			isa = PBXFrameworksBuildPhase;
			buildActionMask = 2147483647;
			files = (
				066F8535154FCFC300704724 /* UIKit.framework in Frameworks */,
				065668421517A85A00DA53AA /* Foundation.framework in Frameworks */,
			);
			runOnlyForDeploymentPostprocessing = 0;
		};
		0656684A1517A85A00DA53AA /* Frameworks */ = {
			isa = PBXFrameworksBuildPhase;
			buildActionMask = 2147483647;
			files = (
				0656688F1517CA2A00DA53AA /* SenTestingKit.framework in Frameworks */,
				065668521517A85B00DA53AA /* UIKit.framework in Frameworks */,
				065668531517A85B00DA53AA /* Foundation.framework in Frameworks */,
				065668561517A85B00DA53AA /* libMUKNetworking.a in Frameworks */,
			);
			runOnlyForDeploymentPostprocessing = 0;
		};
/* End PBXFrameworksBuildPhase section */

/* Begin PBXGroup section */
		06004933154B136F004A3B17 /* Queue */ = {
			isa = PBXGroup;
			children = (
				06004939154B13ED004A3B17 /* Private */,
				06004935154B1385004A3B17 /* MUKURLConnectionQueue.h */,
				06004936154B1385004A3B17 /* MUKURLConnectionQueue.m */,
			);
			path = Queue;
			sourceTree = "<group>";
		};
		06004939154B13ED004A3B17 /* Private */ = {
			isa = PBXGroup;
			children = (
				0600493A154B13ED004A3B17 /* Operation */,
				0600493F154B1549004A3B17 /* MUKURLConnection_Queue.h */,
				061774F21550356F009154BC /* MUKURLConnectionQueue_Background.h */,
			);
			path = Private;
			sourceTree = "<group>";
		};
		0600493A154B13ED004A3B17 /* Operation */ = {
			isa = PBXGroup;
			children = (
				0600493B154B1408004A3B17 /* MUKURLConnectionOperation_.h */,
				0600493C154B1408004A3B17 /* MUKURLConnectionOperation_.m */,
			);
			path = Operation;
			sourceTree = "<group>";
		};
		06004941154B22C9004A3B17 /* Queue */ = {
			isa = PBXGroup;
			children = (
				06004942154B22F3004A3B17 /* MUKURLConnectionQueueTests.h */,
				06004943154B22F3004A3B17 /* MUKURLConnectionQueueTests.m */,
			);
			path = Queue;
			sourceTree = "<group>";
		};
		0616E5CD1521AF7E00014231 /* Classes */ = {
			isa = PBXGroup;
			children = (
				0616E5D11521AF7E00014231 /* URL Connection */,
				06004933154B136F004A3B17 /* Queue */,
			);
			name = Classes;
			path = MUKNetworking/Classes;
			sourceTree = "<group>";
		};
		0616E5D11521AF7E00014231 /* URL Connection */ = {
			isa = PBXGroup;
			children = (
				066F8530154FCED400704724 /* Private */,
				0616E5D21521AF7E00014231 /* MUKURLConnection.h */,
				0616E5D31521AF7E00014231 /* MUKURLConnection.m */,
			);
			path = "URL Connection";
			sourceTree = "<group>";
		};
		0616E5DC1521AF8900014231 /* Unit Tests */ = {
			isa = PBXGroup;
			children = (
				0616E5DD1521AF8900014231 /* Base */,
				0616E5E91521AF8900014231 /* URL Connection */,
				06004941154B22C9004A3B17 /* Queue */,
				0616E5E31521AF8900014231 /* InfoPlist.strings */,
				0616E5E51521AF8900014231 /* MUKNetworkingTests-Info.plist */,
				0616E5E61521AF8900014231 /* Testing URL Protocol */,
			);
			name = "Unit Tests";
			path = "MUKNetworking/Unit Tests";
			sourceTree = "<group>";
		};
		0616E5DD1521AF8900014231 /* Base */ = {
			isa = PBXGroup;
			children = (
				0616E5DE1521AF8900014231 /* MUKNetworkingBaseTests.h */,
				0616E5DF1521AF8900014231 /* MUKNetworkingBaseTests.m */,
			);
			path = Base;
			sourceTree = "<group>";
		};
		0616E5E61521AF8900014231 /* Testing URL Protocol */ = {
			isa = PBXGroup;
			children = (
				0616E5E71521AF8900014231 /* MUKTestURLProtocol.h */,
				0616E5E81521AF8900014231 /* MUKTestURLProtocol.m */,
			);
			path = "Testing URL Protocol";
			sourceTree = "<group>";
		};
		0616E5E91521AF8900014231 /* URL Connection */ = {
			isa = PBXGroup;
			children = (
				0616E5EA1521AF8900014231 /* MUKURLConnectionTests.h */,
				0616E5EB1521AF8900014231 /* MUKURLConnectionTests.m */,
			);
			path = "URL Connection";
			sourceTree = "<group>";
		};
		065668331517A85A00DA53AA = {
			isa = PBXGroup;
			children = (
				0685099F1518EE4C00D450CA /* LICENSE */,
				0616E5D41521AF7E00014231 /* MUKNetworking-Prefix.pch */,
				0616E5D51521AF7E00014231 /* MUKNetworking.h */,
				0616E5CD1521AF7E00014231 /* Classes */,
				0616E5DC1521AF8900014231 /* Unit Tests */,
				065668401517A85A00DA53AA /* Frameworks */,
				0656683F1517A85A00DA53AA /* Products */,
			);
			sourceTree = "<group>";
		};
		0656683F1517A85A00DA53AA /* Products */ = {
			isa = PBXGroup;
			children = (
				0656683E1517A85A00DA53AA /* libMUKNetworking.a */,
				0656684E1517A85A00DA53AA /* MUKNetworkingTests.octest */,
			);
			name = Products;
			sourceTree = "<group>";
		};
		065668401517A85A00DA53AA /* Frameworks */ = {
			isa = PBXGroup;
			children = (
				066F8534154FCFC300704724 /* UIKit.framework */,
				065668411517A85A00DA53AA /* Foundation.framework */,
				0656684F1517A85A00DA53AA /* SenTestingKit.framework */,
				065668511517A85B00DA53AA /* UIKit.framework */,
			);
			name = Frameworks;
			sourceTree = "<group>";
		};
		066F8530154FCED400704724 /* Private */ = {
			isa = PBXGroup;
			children = (
				066F8532154FCEE400704724 /* MUKURLConnection_Background.h */,
			);
			path = Private;
			sourceTree = "<group>";
		};
/* End PBXGroup section */

/* Begin PBXHeadersBuildPhase section */
		0656683C1517A85A00DA53AA /* Headers */ = {
			isa = PBXHeadersBuildPhase;
			buildActionMask = 2147483647;
			files = (
				0616E5D81521AF7E00014231 /* MUKURLConnection.h in Headers */,
				0616E5DB1521AF7E00014231 /* MUKNetworking.h in Headers */,
				0616E5DA1521AF7E00014231 /* MUKNetworking-Prefix.pch in Headers */,
				06004937154B1385004A3B17 /* MUKURLConnectionQueue.h in Headers */,
				0600493D154B1408004A3B17 /* MUKURLConnectionOperation_.h in Headers */,
				06004940154B1549004A3B17 /* MUKURLConnection_Queue.h in Headers */,
				066F8533154FCEE400704724 /* MUKURLConnection_Background.h in Headers */,
				061774F31550356F009154BC /* MUKURLConnectionQueue_Background.h in Headers */,
			);
			runOnlyForDeploymentPostprocessing = 0;
		};
/* End PBXHeadersBuildPhase section */

/* Begin PBXNativeTarget section */
		0656683D1517A85A00DA53AA /* MUKNetworking */ = {
			isa = PBXNativeTarget;
			buildConfigurationList = 065668621517A85B00DA53AA /* Build configuration list for PBXNativeTarget "MUKNetworking" */;
			buildPhases = (
				0656683A1517A85A00DA53AA /* Sources */,
				0656683B1517A85A00DA53AA /* Frameworks */,
				0656683C1517A85A00DA53AA /* Headers */,
				065668691517A9EC00DA53AA /* Prepare Framework */,
			);
			buildRules = (
			);
			dependencies = (
			);
			name = MUKNetworking;
			productName = MUKDownload;
			productReference = 0656683E1517A85A00DA53AA /* libMUKNetworking.a */;
			productType = "com.apple.product-type.library.static";
		};
		0656684D1517A85A00DA53AA /* MUKNetworkingTests */ = {
			isa = PBXNativeTarget;
			buildConfigurationList = 065668651517A85B00DA53AA /* Build configuration list for PBXNativeTarget "MUKNetworkingTests" */;
			buildPhases = (
				065668491517A85A00DA53AA /* Sources */,
				0656684A1517A85A00DA53AA /* Frameworks */,
				0656684B1517A85A00DA53AA /* Resources */,
				0656684C1517A85A00DA53AA /* ShellScript */,
			);
			buildRules = (
			);
			dependencies = (
				065668551517A85B00DA53AA /* PBXTargetDependency */,
			);
			name = MUKNetworkingTests;
			productName = MUKDownloadTests;
			productReference = 0656684E1517A85A00DA53AA /* MUKNetworkingTests.octest */;
			productType = "com.apple.product-type.bundle";
		};
/* End PBXNativeTarget section */

/* Begin PBXProject section */
		065668351517A85A00DA53AA /* Project object */ = {
			isa = PBXProject;
			attributes = {
				LastUpgradeCheck = 0430;
			};
			buildConfigurationList = 065668381517A85A00DA53AA /* Build configuration list for PBXProject "MUKNetworking" */;
			compatibilityVersion = "Xcode 3.2";
			developmentRegion = English;
			hasScannedForEncodings = 0;
			knownRegions = (
				en,
			);
			mainGroup = 065668331517A85A00DA53AA;
			productRefGroup = 0656683F1517A85A00DA53AA /* Products */;
			projectDirPath = "";
			projectRoot = "";
			targets = (
				0656683D1517A85A00DA53AA /* MUKNetworking */,
				0656684D1517A85A00DA53AA /* MUKNetworkingTests */,
				065668911517CE5600DA53AA /* MUKNetworkingDocumentation */,
			);
		};
/* End PBXProject section */

/* Begin PBXResourcesBuildPhase section */
		0656684B1517A85A00DA53AA /* Resources */ = {
			isa = PBXResourcesBuildPhase;
			buildActionMask = 2147483647;
			files = (
				0616E5EE1521AF8900014231 /* InfoPlist.strings in Resources */,
			);
			runOnlyForDeploymentPostprocessing = 0;
		};
/* End PBXResourcesBuildPhase section */

/* Begin PBXShellScriptBuildPhase section */
		0656684C1517A85A00DA53AA /* ShellScript */ = {
			isa = PBXShellScriptBuildPhase;
			buildActionMask = 2147483647;
			files = (
			);
			inputPaths = (
			);
			outputPaths = (
			);
			runOnlyForDeploymentPostprocessing = 0;
			shellPath = /bin/sh;
			shellScript = "# Run the unit tests in this test bundle.\n\"${SYSTEM_DEVELOPER_DIR}/Tools/RunUnitTests\"\n";
		};
		065668691517A9EC00DA53AA /* Prepare Framework */ = {
			isa = PBXShellScriptBuildPhase;
			buildActionMask = 2147483647;
			files = (
			);
			inputPaths = (
			);
			name = "Prepare Framework";
			outputPaths = (
			);
			runOnlyForDeploymentPostprocessing = 0;
			shellPath = /bin/sh;
			shellScript = "set -e\n\nmkdir -p \"${BUILT_PRODUCTS_DIR}/${PRODUCT_NAME}.framework/Versions/A/Headers\"\n\n# Link the \"Current\" version to \"A\"\n/bin/ln -sfh A \"${BUILT_PRODUCTS_DIR}/${PRODUCT_NAME}.framework/Versions/Current\"\n/bin/ln -sfh Versions/Current/Headers \"${BUILT_PRODUCTS_DIR}/${PRODUCT_NAME}.framework/Headers\"\n/bin/ln -sfh \"Versions/Current/${PRODUCT_NAME}\" \"${BUILT_PRODUCTS_DIR}/${PRODUCT_NAME}.framework/${PRODUCT_NAME}\"\n\n# The -a ensures that the headers maintain the source modification date so that we don't constantly\n# cause propagating rebuilds of files that import these headers.\n/bin/cp -a \"${TARGET_BUILD_DIR}/${PUBLIC_HEADERS_FOLDER_PATH}/\" \"${BUILT_PRODUCTS_DIR}/${PRODUCT_NAME}.framework/Versions/A/Headers\"";
		};
		065668951517CE9200DA53AA /* ShellScript */ = {
			isa = PBXShellScriptBuildPhase;
			buildActionMask = 2147483647;
			files = (
			);
			inputPaths = (
			);
			outputPaths = (
			);
			runOnlyForDeploymentPostprocessing = 0;
			shellPath = /bin/sh;
			shellScript = "/usr/local/bin/appledoc \\\n--project-name \"MUKNetworking\" \\\n--project-company \"MeLive\" \\\n--company-id \"it.melive\" \\\n--output \"Documentation\" \\\n--logformat xcode \\\n--keep-undocumented-objects \\\n--keep-undocumented-members \\\n--no-repeat-first-par \\\n--no-warn-invalid-crossref \\\n--ignore \"*.m\" \\\n--ignore \"Unit Tests\" \\\n--ignore \"Example\" \\\n--ignore \"Private\" \\\n--exit-threshold 2 \\\n\"${PROJECT_DIR}\"";
		};
/* End PBXShellScriptBuildPhase section */

/* Begin PBXSourcesBuildPhase section */
		0656683A1517A85A00DA53AA /* Sources */ = {
			isa = PBXSourcesBuildPhase;
			buildActionMask = 2147483647;
			files = (
				0616E5D91521AF7E00014231 /* MUKURLConnection.m in Sources */,
				06004938154B1385004A3B17 /* MUKURLConnectionQueue.m in Sources */,
				0600493E154B1408004A3B17 /* MUKURLConnectionOperation_.m in Sources */,
			);
			runOnlyForDeploymentPostprocessing = 0;
		};
		065668491517A85A00DA53AA /* Sources */ = {
			isa = PBXSourcesBuildPhase;
			buildActionMask = 2147483647;
			files = (
				0616E5EC1521AF8900014231 /* MUKNetworkingBaseTests.m in Sources */,
				0616E5F01521AF8900014231 /* MUKTestURLProtocol.m in Sources */,
				0616E5F11521AF8900014231 /* MUKURLConnectionTests.m in Sources */,
				06004944154B22F3004A3B17 /* MUKURLConnectionQueueTests.m in Sources */,
			);
			runOnlyForDeploymentPostprocessing = 0;
		};
/* End PBXSourcesBuildPhase section */

/* Begin PBXTargetDependency section */
		065668551517A85B00DA53AA /* PBXTargetDependency */ = {
			isa = PBXTargetDependency;
			target = 0656683D1517A85A00DA53AA /* MUKNetworking */;
			targetProxy = 065668541517A85B00DA53AA /* PBXContainerItemProxy */;
		};
/* End PBXTargetDependency section */

/* Begin PBXVariantGroup section */
		0616E5E31521AF8900014231 /* InfoPlist.strings */ = {
			isa = PBXVariantGroup;
			children = (
				0616E5E41521AF8900014231 /* en */,
			);
			name = InfoPlist.strings;
			sourceTree = "<group>";
		};
/* End PBXVariantGroup section */

/* Begin XCBuildConfiguration section */
		065668601517A85B00DA53AA /* Debug */ = {
			isa = XCBuildConfiguration;
			buildSettings = {
				ALWAYS_SEARCH_USER_PATHS = NO;
				ARCHS = (
					armv7,
					armv6,
				);
				CLANG_ENABLE_OBJC_ARC = YES;
				COPY_PHASE_STRIP = NO;
				DEAD_CODE_STRIPPING = NO;
				GCC_C_LANGUAGE_STANDARD = gnu99;
				GCC_DYNAMIC_NO_PIC = NO;
				GCC_OPTIMIZATION_LEVEL = 0;
				GCC_PREPROCESSOR_DEFINITIONS = (
					"DEBUG=1",
					"$(inherited)",
				);
				GCC_SYMBOLS_PRIVATE_EXTERN = NO;
				GCC_THUMB_SUPPORT = NO;
				GCC_VERSION = com.apple.compilers.llvm.clang.1_0;
				GCC_WARN_ABOUT_RETURN_TYPE = YES;
				GCC_WARN_UNINITIALIZED_AUTOS = YES;
				GCC_WARN_UNUSED_VARIABLE = YES;
				IPHONEOS_DEPLOYMENT_TARGET = 4.0;
				PUBLIC_HEADERS_FOLDER_PATH = "$(PROJECT_NAME)Headers";
				SDKROOT = iphoneos;
				STRIP_STYLE = "non-global";
				TARGETED_DEVICE_FAMILY = "1,2";
			};
			name = Debug;
		};
		065668611517A85B00DA53AA /* Release */ = {
			isa = XCBuildConfiguration;
			buildSettings = {
				ALWAYS_SEARCH_USER_PATHS = NO;
				ARCHS = (
					armv7,
					armv6,
				);
				CLANG_ENABLE_OBJC_ARC = YES;
				COPY_PHASE_STRIP = NO;
				DEAD_CODE_STRIPPING = NO;
				GCC_C_LANGUAGE_STANDARD = gnu99;
				GCC_THUMB_SUPPORT = NO;
				GCC_VERSION = com.apple.compilers.llvm.clang.1_0;
				GCC_WARN_ABOUT_RETURN_TYPE = YES;
				GCC_WARN_UNINITIALIZED_AUTOS = YES;
				GCC_WARN_UNUSED_VARIABLE = YES;
				IPHONEOS_DEPLOYMENT_TARGET = 4.0;
				PUBLIC_HEADERS_FOLDER_PATH = "$(PROJECT_NAME)Headers";
				SDKROOT = iphoneos;
				STRIP_STYLE = "non-global";
				TARGETED_DEVICE_FAMILY = "1,2";
				VALIDATE_PRODUCT = YES;
			};
			name = Release;
		};
		065668631517A85B00DA53AA /* Debug */ = {
			isa = XCBuildConfiguration;
			buildSettings = {
				GCC_PRECOMPILE_PREFIX_HEADER = YES;
				GCC_PREFIX_HEADER = "MUKNetworking/MUKNetworking-Prefix.pch";
				GCC_THUMB_SUPPORT = NO;
				OTHER_LDFLAGS = "-ObjC";
				PRODUCT_NAME = MUKNetworking;
				SKIP_INSTALL = YES;
			};
			name = Debug;
		};
		065668641517A85B00DA53AA /* Release */ = {
			isa = XCBuildConfiguration;
			buildSettings = {
				GCC_PRECOMPILE_PREFIX_HEADER = YES;
				GCC_PREFIX_HEADER = "MUKNetworking/MUKNetworking-Prefix.pch";
				GCC_THUMB_SUPPORT = NO;
				OTHER_LDFLAGS = "-ObjC";
				PRODUCT_NAME = MUKNetworking;
				SKIP_INSTALL = YES;
			};
			name = Release;
		};
		065668661517A85B00DA53AA /* Debug */ = {
			isa = XCBuildConfiguration;
			buildSettings = {
				FRAMEWORK_SEARCH_PATHS = (
					"$(SDKROOT)/Developer/Library/Frameworks",
					"$(DEVELOPER_LIBRARY_DIR)/Frameworks",
				);
				GCC_PRECOMPILE_PREFIX_HEADER = YES;
				GCC_PREFIX_HEADER = "MUKNetworking/MUKNetworking-Prefix.pch";
				GCC_THUMB_SUPPORT = NO;
				INFOPLIST_FILE = "MUKNetworking/Unit Tests/MUKNetworkingTests-Info.plist";
				PRODUCT_NAME = MUKNetworkingTests;
				WRAPPER_EXTENSION = octest;
			};
			name = Debug;
		};
		065668671517A85B00DA53AA /* Release */ = {
			isa = XCBuildConfiguration;
			buildSettings = {
				FRAMEWORK_SEARCH_PATHS = (
					"$(SDKROOT)/Developer/Library/Frameworks",
					"$(DEVELOPER_LIBRARY_DIR)/Frameworks",
				);
				GCC_PRECOMPILE_PREFIX_HEADER = YES;
				GCC_PREFIX_HEADER = "MUKNetworking/MUKNetworking-Prefix.pch";
				GCC_THUMB_SUPPORT = NO;
				INFOPLIST_FILE = "MUKNetworking/Unit Tests/MUKNetworkingTests-Info.plist";
				PRODUCT_NAME = MUKNetworkingTests;
				WRAPPER_EXTENSION = octest;
			};
			name = Release;
		};
		065668931517CE5600DA53AA /* Debug */ = {
			isa = XCBuildConfiguration;
			buildSettings = {
				GCC_THUMB_SUPPORT = NO;
				PRODUCT_NAME = MUKNetworkingDocumentation;
			};
			name = Debug;
		};
		065668941517CE5600DA53AA /* Release */ = {
			isa = XCBuildConfiguration;
			buildSettings = {
				GCC_THUMB_SUPPORT = NO;
				PRODUCT_NAME = MUKNetworkingDocumentation;
			};
			name = Release;
		};
/* End XCBuildConfiguration section */

/* Begin XCConfigurationList section */
		065668381517A85A00DA53AA /* Build configuration list for PBXProject "MUKNetworking" */ = {
			isa = XCConfigurationList;
			buildConfigurations = (
				065668601517A85B00DA53AA /* Debug */,
				065668611517A85B00DA53AA /* Release */,
			);
			defaultConfigurationIsVisible = 0;
			defaultConfigurationName = Release;
		};
		065668621517A85B00DA53AA /* Build configuration list for PBXNativeTarget "MUKNetworking" */ = {
			isa = XCConfigurationList;
			buildConfigurations = (
				065668631517A85B00DA53AA /* Debug */,
				065668641517A85B00DA53AA /* Release */,
			);
			defaultConfigurationIsVisible = 0;
			defaultConfigurationName = Release;
		};
		065668651517A85B00DA53AA /* Build configuration list for PBXNativeTarget "MUKNetworkingTests" */ = {
			isa = XCConfigurationList;
			buildConfigurations = (
				065668661517A85B00DA53AA /* Debug */,
				065668671517A85B00DA53AA /* Release */,
			);
			defaultConfigurationIsVisible = 0;
			defaultConfigurationName = Release;
		};
		065668921517CE5600DA53AA /* Build configuration list for PBXAggregateTarget "MUKNetworkingDocumentation" */ = {
			isa = XCConfigurationList;
			buildConfigurations = (
				065668931517CE5600DA53AA /* Debug */,
				065668941517CE5600DA53AA /* Release */,
			);
			defaultConfigurationIsVisible = 0;
			defaultConfigurationName = Release;
		};
/* End XCConfigurationList section */
	};
	rootObject = 065668351517A85A00DA53AA /* Project object */;
}
